
Microsoft Visual Studio Solution File, Format Version 12.00
# Visual Studio Version 17
VisualStudioVersion = 17.7.34024.191
MinimumVisualStudioVersion = 10.0.40219.1
Project("{9A19103F-16F7-4668-BE54-9A1E7A4F7556}") = "WinFormsApp1", "WinFormsApp1\WinFormsApp1.csproj", "{5E32F76A-4DCB-40D5-8E91-72671AAF74BB}"
EndProject
Project("{2150E333-8FDC-42A3-9474-1A3956D46DE8}") = "Solution Items", "Solution Items", "{74C96C8E-FA65-4C8D-B5C9-56C9CA336C59}"
EndProject
Global
	GlobalSection(SolutionConfigurationPlatforms) = preSolution
		Debug|Any CPU = Debug|Any CPU
		Release|Any CPU = Release|Any CPU
	EndGlobalSection
	GlobalSection(ProjectConfigurationPlatforms) = postSolution
		{5E32F76A-4DCB-40D5-8E91-72671AAF74BB}.Debug|Any CPU.ActiveCfg = Debug|Any CPU
		{5E32F76A-4DCB-40D5-8E91-72671AAF74BB}.Debug|Any CPU.Build.0 = Debug|Any CPU
		{5E32F76A-4DCB-40D5-8E91-72671AAF74BB}.Release|Any CPU.ActiveCfg = Release|Any CPU
		{5E32F76A-4DCB-40D5-8E91-72671AAF74BB}.Release|Any CPU.Build.0 = Release|Any CPU
	EndGlobalSection
	GlobalSection(SolutionProperties) = preSolution
		HideSolutionNode = FALSE
	EndGlobalSection
	GlobalSection(ExtensibilityGlobals) = postSolution
		SolutionGuid = {81046243-68A4-4543-B0C5-7F18005BAC1C}
	EndGlobalSection
EndGlobal
